
Microsoft Visual Studio Solution File, Format Version 12.00
# Visual Studio 15
Project("{FAE04EC0-301F-11D3-BF4B-00C04F79EFBC}") = "Assembly-CSharp", "Assembly-CSharp.csproj", "{A1AE936B-EC54-940D-F060-1BF69E687163}"
EndProject
Project("{FAE04EC0-301F-11D3-BF4B-00C04F79EFBC}") = "Assembly-CSharp-Editor", "Assembly-CSharp-Editor.csproj", "{F1463128-81E5-AB3B-3BA9-C76C6DEBA98E}"
EndProject
Global
	GlobalSection(SolutionConfigurationPlatforms) = preSolution
		Debug|Any CPU = Debug|Any CPU
		Release|Any CPU = Release|Any CPU
	EndGlobalSection
	GlobalSection(ProjectConfigurationPlatforms) = postSolution
		{A1AE936B-EC54-940D-F060-1BF69E687163}.Debug|Any CPU.ActiveCfg = Debug|Any CPU
		{A1AE936B-EC54-940D-F060-1BF69E687163}.Debug|Any CPU.Build.0 = Debug|Any CPU
		{A1AE936B-EC54-940D-F060-1BF69E687163}.Release|Any CPU.ActiveCfg = Release|Any CPU
		{A1AE936B-EC54-940D-F060-1BF69E687163}.Release|Any CPU.Build.0 = Release|Any CPU
		{F1463128-81E5-AB3B-3BA9-C76C6DEBA98E}.Debug|Any CPU.ActiveCfg = Debug|Any CPU
		{F1463128-81E5-AB3B-3BA9-C76C6DEBA98E}.Debug|Any CPU.Build.0 = Debug|Any CPU
		{F1463128-81E5-AB3B-3BA9-C76C6DEBA98E}.Release|Any CPU.ActiveCfg = Release|Any CPU
		{F1463128-81E5-AB3B-3BA9-C76C6DEBA98E}.Release|Any CPU.Build.0 = Release|Any CPU
	EndGlobalSection
	GlobalSection(SolutionProperties) = preSolution
		HideSolutionNode = FALSE
	EndGlobalSection
EndGlobal
